
Microsoft Visual Studio Solution File, Format Version 11.00
# Visual Studio 2010
Project("{FAE04EC0-301F-11D3-BF4B-00C04F79EFBC}") = "FiapHero", "Assembly-CSharp.csproj", "{982C877B-51DA-0E55-D15B-6FA46F9474CC}"
EndProject
Global
	GlobalSection(SolutionConfigurationPlatforms) = preSolution
		Debug|Any CPU = Debug|Any CPU
		Release|Any CPU = Release|Any CPU
	EndGlobalSection
	GlobalSection(ProjectConfigurationPlatforms) = postSolution
		{982C877B-51DA-0E55-D15B-6FA46F9474CC}.Debug|Any CPU.ActiveCfg = Debug|Any CPU
		{982C877B-51DA-0E55-D15B-6FA46F9474CC}.Debug|Any CPU.Build.0 = Debug|Any CPU
		{982C877B-51DA-0E55-D15B-6FA46F9474CC}.Release|Any CPU.ActiveCfg = Release|Any CPU
		{982C877B-51DA-0E55-D15B-6FA46F9474CC}.Release|Any CPU.Build.0 = Release|Any CPU
	EndGlobalSection
	GlobalSection(SolutionProperties) = preSolution
		HideSolutionNode = FALSE
	EndGlobalSection
	GlobalSection(MonoDevelopProperties) = preSolution
		StartupItem = Assembly-CSharp.csproj
	EndGlobalSection
EndGlobal
